PODS:
  - Bugly (2.5.0)
  - Flutter (1.0.0)
  - flutter_error_report (0.0.1):
    - Bugly
    - Flutter

DEPENDENCIES:
  - Flutter (from `.symlinks/flutter/ios`)
  - flutter_error_report (from `.symlinks/plugins/flutter_error_report/ios`)

SPEC REPOS:
  https://github.com/cocoapods/specs.git:
    - Bugly

EXTERNAL SOURCES:
  Flutter:
    :path: ".symlinks/flutter/ios"
  flutter_error_report:
    :path: ".symlinks/plugins/flutter_error_report/ios"

SPEC CHECKSUMS:
  Bugly: 3ca9f255c01025582df26f9222893b383c7e4b4e
  Flutter: 0e3d915762c693b495b44d77113d4970485de6ec
  flutter_error_report: ba0eeb2bc934344d102ff2dd6a0fecdc395d3b45

PODFILE CHECKSUM: 7fb83752f59ead6285236625b82473f90b1cb932

COCOAPODS: 1.6.1
